
Microsoft Visual Studio Solution File, Format Version 12.00
# Visual Studio 2013
VisualStudioVersion = 12.0.30501.0
MinimumVisualStudioVersion = 10.0.40219.1
Project("{FAE04EC0-301F-11D3-BF4B-00C04F79EFBC}") = "Lista 4", "Lista 4\Lista 4.csproj", "{E5419CE7-E5A8-4107-B632-9D534583FA71}"
EndProject
Project("{2150E333-8FDC-42A3-9474-1A3956D46DE8}") = ".nuget", ".nuget", "{E25D9B5D-E010-4721-8CF9-D64A41C4B04E}"
	ProjectSection(SolutionItems) = preProject
		.nuget\packages.config = .nuget\packages.config
	EndProjectSection
EndProject
Global
	GlobalSection(SolutionConfigurationPlatforms) = preSolution
		Debug|Any CPU = Debug|Any CPU
		Release|Any CPU = Release|Any CPU
	EndGlobalSection
	GlobalSection(ProjectConfigurationPlatforms) = postSolution
		{E5419CE7-E5A8-4107-B632-9D534583FA71}.Debug|Any CPU.ActiveCfg = Debug|Any CPU
		{E5419CE7-E5A8-4107-B632-9D534583FA71}.Debug|Any CPU.Build.0 = Debug|Any CPU
		{E5419CE7-E5A8-4107-B632-9D534583FA71}.Release|Any CPU.ActiveCfg = Release|Any CPU
		{E5419CE7-E5A8-4107-B632-9D534583FA71}.Release|Any CPU.Build.0 = Release|Any CPU
	EndGlobalSection
	GlobalSection(SolutionProperties) = preSolution
		HideSolutionNode = FALSE
	EndGlobalSection
EndGlobal
